
Microsoft Visual Studio Solution File, Format Version 12.00
# Visual Studio 15
VisualStudioVersion = 15.0.27004.2002
MinimumVisualStudioVersion = 10.0.40219.1
Project("{FAE04EC0-301F-11D3-BF4B-00C04F79EFBC}") = "pacman", "pacman\pacman.csproj", "{ECE5A838-E181-493A-B9A2-6ADD01DE37F6}"
EndProject
Project("{FAE04EC0-301F-11D3-BF4B-00C04F79EFBC}") = "Server", "Server\Server.csproj", "{870327F7-F519-4433-9854-2543ADD8A76F}"
EndProject
Project("{FAE04EC0-301F-11D3-BF4B-00C04F79EFBC}") = "GameLibrary", "GameLibrary\GameLibrary.csproj", "{9DCDE8B9-3982-4343-BB00-56C6AE6A5DD6}"
EndProject
Project("{FAE04EC0-301F-11D3-BF4B-00C04F79EFBC}") = "PuppetMaster", "PuppetMaster\PuppetMaster.csproj", "{D7ECB417-E8B1-46A7-AA86-6352CE49EAED}"
	ProjectSection(ProjectDependencies) = postProject
		{ECE5A838-E181-493A-B9A2-6ADD01DE37F6} = {ECE5A838-E181-493A-B9A2-6ADD01DE37F6}
		{870327F7-F519-4433-9854-2543ADD8A76F} = {870327F7-F519-4433-9854-2543ADD8A76F}
	EndProjectSection
EndProject
Project("{FAE04EC0-301F-11D3-BF4B-00C04F79EFBC}") = "PCS", "PCS\PCS.csproj", "{9DF34916-C608-4995-A905-B8172457C92E}"
	ProjectSection(ProjectDependencies) = postProject
		{D7ECB417-E8B1-46A7-AA86-6352CE49EAED} = {D7ECB417-E8B1-46A7-AA86-6352CE49EAED}
		{870327F7-F519-4433-9854-2543ADD8A76F} = {870327F7-F519-4433-9854-2543ADD8A76F}
	EndProjectSection
EndProject
Global
	GlobalSection(SolutionConfigurationPlatforms) = preSolution
		Debug|Any CPU = Debug|Any CPU
		Release|Any CPU = Release|Any CPU
	EndGlobalSection
	GlobalSection(ProjectConfigurationPlatforms) = postSolution
		{ECE5A838-E181-493A-B9A2-6ADD01DE37F6}.Debug|Any CPU.ActiveCfg = Debug|Any CPU
		{ECE5A838-E181-493A-B9A2-6ADD01DE37F6}.Debug|Any CPU.Build.0 = Debug|Any CPU
		{ECE5A838-E181-493A-B9A2-6ADD01DE37F6}.Release|Any CPU.ActiveCfg = Release|Any CPU
		{ECE5A838-E181-493A-B9A2-6ADD01DE37F6}.Release|Any CPU.Build.0 = Release|Any CPU
		{870327F7-F519-4433-9854-2543ADD8A76F}.Debug|Any CPU.ActiveCfg = Debug|Any CPU
		{870327F7-F519-4433-9854-2543ADD8A76F}.Debug|Any CPU.Build.0 = Debug|Any CPU
		{870327F7-F519-4433-9854-2543ADD8A76F}.Release|Any CPU.ActiveCfg = Release|Any CPU
		{870327F7-F519-4433-9854-2543ADD8A76F}.Release|Any CPU.Build.0 = Release|Any CPU
		{9DCDE8B9-3982-4343-BB00-56C6AE6A5DD6}.Debug|Any CPU.ActiveCfg = Debug|Any CPU
		{9DCDE8B9-3982-4343-BB00-56C6AE6A5DD6}.Debug|Any CPU.Build.0 = Debug|Any CPU
		{9DCDE8B9-3982-4343-BB00-56C6AE6A5DD6}.Release|Any CPU.ActiveCfg = Release|Any CPU
		{9DCDE8B9-3982-4343-BB00-56C6AE6A5DD6}.Release|Any CPU.Build.0 = Release|Any CPU
		{D7ECB417-E8B1-46A7-AA86-6352CE49EAED}.Debug|Any CPU.ActiveCfg = Debug|Any CPU
		{D7ECB417-E8B1-46A7-AA86-6352CE49EAED}.Debug|Any CPU.Build.0 = Debug|Any CPU
		{D7ECB417-E8B1-46A7-AA86-6352CE49EAED}.Release|Any CPU.ActiveCfg = Release|Any CPU
		{D7ECB417-E8B1-46A7-AA86-6352CE49EAED}.Release|Any CPU.Build.0 = Release|Any CPU
		{9DF34916-C608-4995-A905-B8172457C92E}.Debug|Any CPU.ActiveCfg = Debug|Any CPU
		{9DF34916-C608-4995-A905-B8172457C92E}.Debug|Any CPU.Build.0 = Debug|Any CPU
		{9DF34916-C608-4995-A905-B8172457C92E}.Release|Any CPU.ActiveCfg = Release|Any CPU
		{9DF34916-C608-4995-A905-B8172457C92E}.Release|Any CPU.Build.0 = Release|Any CPU
	EndGlobalSection
	GlobalSection(SolutionProperties) = preSolution
		HideSolutionNode = FALSE
	EndGlobalSection
	GlobalSection(ExtensibilityGlobals) = postSolution
		SolutionGuid = {6646687A-A959-484F-B289-E4D4F6214B14}
	EndGlobalSection
EndGlobal
